
Microsoft Visual Studio Solution File, Format Version 12.00
# Visual Studio 15
VisualStudioVersion = 15.0.27130.0
MinimumVisualStudioVersion = 10.0.40219.1
Project("{8BC9CEB8-8B4A-11D0-8D11-00A0C91BC942}") = "11.7", "11.7\11.7.vcxproj", "{EEF140B7-38FA-4359-8967-44E9508FE9E0}"
EndProject
Global
	GlobalSection(SolutionConfigurationPlatforms) = preSolution
		Debug|x64 = Debug|x64
		Debug|x86 = Debug|x86
		Release|x64 = Release|x64
		Release|x86 = Release|x86
	EndGlobalSection
	GlobalSection(ProjectConfigurationPlatforms) = postSolution
		{EEF140B7-38FA-4359-8967-44E9508FE9E0}.Debug|x64.ActiveCfg = Debug|x64
		{EEF140B7-38FA-4359-8967-44E9508FE9E0}.Debug|x64.Build.0 = Debug|x64
		{EEF140B7-38FA-4359-8967-44E9508FE9E0}.Debug|x86.ActiveCfg = Debug|Win32
		{EEF140B7-38FA-4359-8967-44E9508FE9E0}.Debug|x86.Build.0 = Debug|Win32
		{EEF140B7-38FA-4359-8967-44E9508FE9E0}.Release|x64.ActiveCfg = Release|x64
		{EEF140B7-38FA-4359-8967-44E9508FE9E0}.Release|x64.Build.0 = Release|x64
		{EEF140B7-38FA-4359-8967-44E9508FE9E0}.Release|x86.ActiveCfg = Release|Win32
		{EEF140B7-38FA-4359-8967-44E9508FE9E0}.Release|x86.Build.0 = Release|Win32
	EndGlobalSection
	GlobalSection(SolutionProperties) = preSolution
		HideSolutionNode = FALSE
	EndGlobalSection
	GlobalSection(ExtensibilityGlobals) = postSolution
		SolutionGuid = {617C5B62-1F16-4D77-A069-C4A7E6E7651F}
	EndGlobalSection
EndGlobal
