
Microsoft Visual Studio Solution File, Format Version 12.00
# Visual Studio 15
VisualStudioVersion = 15.0.27130.0
MinimumVisualStudioVersion = 10.0.40219.1
Project("{8BC9CEB8-8B4A-11D0-8D11-00A0C91BC942}") = "十进制转二进制", "十进制转二进制\十进制转二进制.vcxproj", "{4374A76A-9D39-4905-8FBF-FF662D3CF3FE}"
EndProject
Global
	GlobalSection(SolutionConfigurationPlatforms) = preSolution
		Debug|x64 = Debug|x64
		Debug|x86 = Debug|x86
		Release|x64 = Release|x64
		Release|x86 = Release|x86
	EndGlobalSection
	GlobalSection(ProjectConfigurationPlatforms) = postSolution
		{4374A76A-9D39-4905-8FBF-FF662D3CF3FE}.Debug|x64.ActiveCfg = Debug|x64
		{4374A76A-9D39-4905-8FBF-FF662D3CF3FE}.Debug|x64.Build.0 = Debug|x64
		{4374A76A-9D39-4905-8FBF-FF662D3CF3FE}.Debug|x86.ActiveCfg = Debug|Win32
		{4374A76A-9D39-4905-8FBF-FF662D3CF3FE}.Debug|x86.Build.0 = Debug|Win32
		{4374A76A-9D39-4905-8FBF-FF662D3CF3FE}.Release|x64.ActiveCfg = Release|x64
		{4374A76A-9D39-4905-8FBF-FF662D3CF3FE}.Release|x64.Build.0 = Release|x64
		{4374A76A-9D39-4905-8FBF-FF662D3CF3FE}.Release|x86.ActiveCfg = Release|Win32
		{4374A76A-9D39-4905-8FBF-FF662D3CF3FE}.Release|x86.Build.0 = Release|Win32
	EndGlobalSection
	GlobalSection(SolutionProperties) = preSolution
		HideSolutionNode = FALSE
	EndGlobalSection
	GlobalSection(ExtensibilityGlobals) = postSolution
		SolutionGuid = {DAE326D7-AC00-4A51-A6C5-075FC1FF6C23}
	EndGlobalSection
EndGlobal
