
Microsoft Visual Studio Solution File, Format Version 12.00
# Visual Studio 15
VisualStudioVersion = 15.0.27130.0
MinimumVisualStudioVersion = 10.0.40219.1
Project("{8BC9CEB8-8B4A-11D0-8D11-00A0C91BC942}") = "二进制转十进制", "二进制转十进制\二进制转十进制.vcxproj", "{E31D7D46-EAA7-48E6-B331-863F94EBC3FD}"
EndProject
Global
	GlobalSection(SolutionConfigurationPlatforms) = preSolution
		Debug|x64 = Debug|x64
		Debug|x86 = Debug|x86
		Release|x64 = Release|x64
		Release|x86 = Release|x86
	EndGlobalSection
	GlobalSection(ProjectConfigurationPlatforms) = postSolution
		{E31D7D46-EAA7-48E6-B331-863F94EBC3FD}.Debug|x64.ActiveCfg = Debug|x64
		{E31D7D46-EAA7-48E6-B331-863F94EBC3FD}.Debug|x64.Build.0 = Debug|x64
		{E31D7D46-EAA7-48E6-B331-863F94EBC3FD}.Debug|x86.ActiveCfg = Debug|Win32
		{E31D7D46-EAA7-48E6-B331-863F94EBC3FD}.Debug|x86.Build.0 = Debug|Win32
		{E31D7D46-EAA7-48E6-B331-863F94EBC3FD}.Release|x64.ActiveCfg = Release|x64
		{E31D7D46-EAA7-48E6-B331-863F94EBC3FD}.Release|x64.Build.0 = Release|x64
		{E31D7D46-EAA7-48E6-B331-863F94EBC3FD}.Release|x86.ActiveCfg = Release|Win32
		{E31D7D46-EAA7-48E6-B331-863F94EBC3FD}.Release|x86.Build.0 = Release|Win32
	EndGlobalSection
	GlobalSection(SolutionProperties) = preSolution
		HideSolutionNode = FALSE
	EndGlobalSection
	GlobalSection(ExtensibilityGlobals) = postSolution
		SolutionGuid = {81CA674C-B38D-4E74-A475-30E29584511C}
	EndGlobalSection
EndGlobal
