
Microsoft Visual Studio Solution File, Format Version 12.00
# Visual Studio 15
VisualStudioVersion = 15.0.27130.0
MinimumVisualStudioVersion = 10.0.40219.1
Project("{8BC9CEB8-8B4A-11D0-8D11-00A0C91BC942}") = "实验11 邻接表和图的遍历", "实验11 邻接表和图的遍历\实验11 邻接表和图的遍历.vcxproj", "{006901E9-6EE4-4380-A072-F6741698592D}"
EndProject
Global
	GlobalSection(SolutionConfigurationPlatforms) = preSolution
		Debug|x64 = Debug|x64
		Debug|x86 = Debug|x86
		Release|x64 = Release|x64
		Release|x86 = Release|x86
	EndGlobalSection
	GlobalSection(ProjectConfigurationPlatforms) = postSolution
		{006901E9-6EE4-4380-A072-F6741698592D}.Debug|x64.ActiveCfg = Debug|x64
		{006901E9-6EE4-4380-A072-F6741698592D}.Debug|x64.Build.0 = Debug|x64
		{006901E9-6EE4-4380-A072-F6741698592D}.Debug|x86.ActiveCfg = Debug|Win32
		{006901E9-6EE4-4380-A072-F6741698592D}.Debug|x86.Build.0 = Debug|Win32
		{006901E9-6EE4-4380-A072-F6741698592D}.Release|x64.ActiveCfg = Release|x64
		{006901E9-6EE4-4380-A072-F6741698592D}.Release|x64.Build.0 = Release|x64
		{006901E9-6EE4-4380-A072-F6741698592D}.Release|x86.ActiveCfg = Release|Win32
		{006901E9-6EE4-4380-A072-F6741698592D}.Release|x86.Build.0 = Release|Win32
	EndGlobalSection
	GlobalSection(SolutionProperties) = preSolution
		HideSolutionNode = FALSE
	EndGlobalSection
	GlobalSection(ExtensibilityGlobals) = postSolution
		SolutionGuid = {E05C5B42-ED2F-48BD-B4BD-E9F307D1240E}
	EndGlobalSection
EndGlobal
