
Microsoft Visual Studio Solution File, Format Version 12.00
# Visual Studio 15
VisualStudioVersion = 15.0.27130.0
MinimumVisualStudioVersion = 10.0.40219.1
Project("{8BC9CEB8-8B4A-11D0-8D11-00A0C91BC942}") = "Project11", "Project11\Project11.vcxproj", "{5159C0C5-7406-413F-A933-EDA26B85E412}"
EndProject
Global
	GlobalSection(SolutionConfigurationPlatforms) = preSolution
		Debug|x64 = Debug|x64
		Debug|x86 = Debug|x86
		Release|x64 = Release|x64
		Release|x86 = Release|x86
	EndGlobalSection
	GlobalSection(ProjectConfigurationPlatforms) = postSolution
		{5159C0C5-7406-413F-A933-EDA26B85E412}.Debug|x64.ActiveCfg = Debug|x64
		{5159C0C5-7406-413F-A933-EDA26B85E412}.Debug|x64.Build.0 = Debug|x64
		{5159C0C5-7406-413F-A933-EDA26B85E412}.Debug|x86.ActiveCfg = Debug|Win32
		{5159C0C5-7406-413F-A933-EDA26B85E412}.Debug|x86.Build.0 = Debug|Win32
		{5159C0C5-7406-413F-A933-EDA26B85E412}.Release|x64.ActiveCfg = Release|x64
		{5159C0C5-7406-413F-A933-EDA26B85E412}.Release|x64.Build.0 = Release|x64
		{5159C0C5-7406-413F-A933-EDA26B85E412}.Release|x86.ActiveCfg = Release|Win32
		{5159C0C5-7406-413F-A933-EDA26B85E412}.Release|x86.Build.0 = Release|Win32
	EndGlobalSection
	GlobalSection(SolutionProperties) = preSolution
		HideSolutionNode = FALSE
	EndGlobalSection
	GlobalSection(ExtensibilityGlobals) = postSolution
		SolutionGuid = {3E4BCFFC-D935-4F3D-A317-C41DAF2ECE82}
	EndGlobalSection
EndGlobal
