
Microsoft Visual Studio Solution File, Format Version 12.00
# Visual Studio 15
VisualStudioVersion = 15.0.27130.0
MinimumVisualStudioVersion = 10.0.40219.1
Project("{8BC9CEB8-8B4A-11D0-8D11-00A0C91BC942}") = "12.2", "12.2\12.2.vcxproj", "{AF47A1FF-8920-459F-ADF3-09407115E0EE}"
EndProject
Global
	GlobalSection(SolutionConfigurationPlatforms) = preSolution
		Debug|x64 = Debug|x64
		Debug|x86 = Debug|x86
		Release|x64 = Release|x64
		Release|x86 = Release|x86
	EndGlobalSection
	GlobalSection(ProjectConfigurationPlatforms) = postSolution
		{AF47A1FF-8920-459F-ADF3-09407115E0EE}.Debug|x64.ActiveCfg = Debug|x64
		{AF47A1FF-8920-459F-ADF3-09407115E0EE}.Debug|x64.Build.0 = Debug|x64
		{AF47A1FF-8920-459F-ADF3-09407115E0EE}.Debug|x86.ActiveCfg = Debug|Win32
		{AF47A1FF-8920-459F-ADF3-09407115E0EE}.Debug|x86.Build.0 = Debug|Win32
		{AF47A1FF-8920-459F-ADF3-09407115E0EE}.Release|x64.ActiveCfg = Release|x64
		{AF47A1FF-8920-459F-ADF3-09407115E0EE}.Release|x64.Build.0 = Release|x64
		{AF47A1FF-8920-459F-ADF3-09407115E0EE}.Release|x86.ActiveCfg = Release|Win32
		{AF47A1FF-8920-459F-ADF3-09407115E0EE}.Release|x86.Build.0 = Release|Win32
	EndGlobalSection
	GlobalSection(SolutionProperties) = preSolution
		HideSolutionNode = FALSE
	EndGlobalSection
	GlobalSection(ExtensibilityGlobals) = postSolution
		SolutionGuid = {6610DC59-B700-402F-86FA-882398AABB78}
	EndGlobalSection
EndGlobal
